
Microsoft Visual Studio Solution File, Format Version 12.00
# Visual Studio Version 17
VisualStudioVersion = 17.0.32002.185
MinimumVisualStudioVersion = 10.0.40219.1
Project("{9A19103F-16F7-4668-BE54-9A1E7A4F7556}") = "EMod", "EMod.csproj", "{7D3F90B0-A242-4ECC-A882-7AEA932E3565}"
EndProject
Global
	GlobalSection(SolutionConfigurationPlatforms) = preSolution
		Debug|Any CPU = Debug|Any CPU
		Release|Any CPU = Release|Any CPU
	EndGlobalSection
	GlobalSection(ProjectConfigurationPlatforms) = postSolution
		{7D3F90B0-A242-4ECC-A882-7AEA932E3565}.Debug|Any CPU.ActiveCfg = Debug|Any CPU
		{7D3F90B0-A242-4ECC-A882-7AEA932E3565}.Debug|Any CPU.Build.0 = Debug|Any CPU
		{7D3F90B0-A242-4ECC-A882-7AEA932E3565}.Release|Any CPU.ActiveCfg = Release|Any CPU
		{7D3F90B0-A242-4ECC-A882-7AEA932E3565}.Release|Any CPU.Build.0 = Release|Any CPU
	EndGlobalSection
	GlobalSection(SolutionProperties) = preSolution
		HideSolutionNode = FALSE
	EndGlobalSection
	GlobalSection(ExtensibilityGlobals) = postSolution
		SolutionGuid = {38C3BB6B-13B9-4E6C-9717-2C6E03925360}
	EndGlobalSection
EndGlobal
